
Microsoft Visual Studio Solution File, Format Version 12.00
# Visual Studio 2013
VisualStudioVersion = 12.0.31101.0
MinimumVisualStudioVersion = 10.0.40219.1
Project("{FAE04EC0-301F-11D3-BF4B-00C04F79EFBC}") = "GoldenTicket.Crawler.Service", "GoldenTicket.Crawler.Service\GoldenTicket.Crawler.Service.csproj", "{EF5735DB-E99D-4157-A0FA-1C5427B250CF}"
EndProject
Project("{FAE04EC0-301F-11D3-BF4B-00C04F79EFBC}") = "GoldenTicket.Scheduler", "GoldenTicket.Scheduler\GoldenTicket.Scheduler.csproj", "{A55C324E-E602-4CCA-936F-E77AE86A277A}"
EndProject
Project("{FAE04EC0-301F-11D3-BF4B-00C04F79EFBC}") = "GoldenTicket.Model", "GoldenTicket.Model\GoldenTicket.Model.csproj", "{DF0FA868-0F20-4B2C-BA8A-E3843B82AA39}"
EndProject
Project("{FAE04EC0-301F-11D3-BF4B-00C04F79EFBC}") = "GoldenTicket.DataProxy.Parse", "GoldenTicket.DataProxy\GoldenTicket.DataProxy.Parse.csproj", "{AB74ECD2-D29D-4806-811A-4AFA3E8B1803}"
EndProject
Project("{FAE04EC0-301F-11D3-BF4B-00C04F79EFBC}") = "GoldenTicket.Logger.Log4Net", "GoldenTicket.Logger.Log4Net\GoldenTicket.Logger.Log4Net.csproj", "{5B57F179-71FA-4E1C-94D3-3148BAF3D8F3}"
EndProject
Project("{FAE04EC0-301F-11D3-BF4B-00C04F79EFBC}") = "GoldenTicket.DI", "GoldenTicket.DI\GoldenTicket.DI.csproj", "{B7487B46-0862-470F-B3ED-DF3BD5E1CEE5}"
EndProject
Project("{FAE04EC0-301F-11D3-BF4B-00C04F79EFBC}") = "GoldenTicket.Interceptor", "GoldenTicket.Interceptor\GoldenTicket.Interceptor.csproj", "{CBF443A0-9CF0-45C5-9F2F-A18602E022F4}"
EndProject
Project("{FAE04EC0-301F-11D3-BF4B-00C04F79EFBC}") = "GoldenTicket.Data.Interfaces", "GoldenTicket.Data.Interfaces\GoldenTicket.Data.Interfaces.csproj", "{26614343-A079-44E5-85BE-A8309609B057}"
EndProject
Project("{FAE04EC0-301F-11D3-BF4B-00C04F79EFBC}") = "GoldenTicket.Command.Interfaces", "GoldenTicket.Command.Interfaces\GoldenTicket.Command.Interfaces.csproj", "{29A55EF8-F0D6-4B64-80DE-B97112C1D260}"
EndProject
Project("{FAE04EC0-301F-11D3-BF4B-00C04F79EFBC}") = "GoldenTicket.Queue.Interfaces", "GoldenTicket.Queue.Interfaces\GoldenTicket.Queue.Interfaces.csproj", "{59234BFB-1665-4BF9-8763-30AD7D134711}"
EndProject
Project("{FAE04EC0-301F-11D3-BF4B-00C04F79EFBC}") = "GoldenTicket.Crawler.Test", "GoldenTicket.Crawler.Test\GoldenTicket.Crawler.Test.csproj", "{EBEE00E7-1820-46E9-9E85-0AD7C2C30A23}"
EndProject
Project("{FAE04EC0-301F-11D3-BF4B-00C04F79EFBC}") = "GoldenTicket.Crawler.Queue", "GoldenTicket.Crawler.Queue\GoldenTicket.Crawler.Queue.csproj", "{6BD0C2E9-386C-4E34-9630-48BF4D989F9C}"
EndProject
Project("{FAE04EC0-301F-11D3-BF4B-00C04F79EFBC}") = "GoldenTicket.Suggestion.Service", "GoldenTicket.Suggestion.Service\GoldenTicket.Suggestion.Service.csproj", "{9084A2F8-D17D-4A44-92A8-943700D7AA83}"
EndProject
Project("{2150E333-8FDC-42A3-9474-1A3956D46DE8}") = "Services", "Services", "{FE5DC2A4-DFDF-4266-9CE2-3404D1316485}"
EndProject
Project("{2150E333-8FDC-42A3-9474-1A3956D46DE8}") = "Queue", "Queue", "{6503B696-9568-4DEB-AAF4-1DC0004ECD50}"
EndProject
Project("{2150E333-8FDC-42A3-9474-1A3956D46DE8}") = "Common", "Common", "{A306643E-C9D0-403C-A121-36937EE0DF80}"
EndProject
Project("{2150E333-8FDC-42A3-9474-1A3956D46DE8}") = "Data", "Data", "{0B765E08-8F28-4AE9-A411-C0F89CA07E63}"
EndProject
Project("{2150E333-8FDC-42A3-9474-1A3956D46DE8}") = "Model", "Model", "{7294E751-E9EF-4551-96E2-73EE7AEC6FED}"
EndProject
Project("{2150E333-8FDC-42A3-9474-1A3956D46DE8}") = "Log", "Log", "{785614B2-F01F-43CE-82C2-A99A0F3870A9}"
EndProject
Project("{FAE04EC0-301F-11D3-BF4B-00C04F79EFBC}") = "GoldenTicket.Suggestion.Test", "GoldenTicket.Suggestion.Test\GoldenTicket.Suggestion.Test.csproj", "{E3F25027-090F-4624-8CE6-08B3C24ABFD7}"
EndProject
Project("{2150E333-8FDC-42A3-9474-1A3956D46DE8}") = "Crawler", "Crawler", "{FA5AA016-3641-46C2-8414-3C7E9C87DE9F}"
EndProject
Project("{2150E333-8FDC-42A3-9474-1A3956D46DE8}") = "Suggestion", "Suggestion", "{F6088F08-B1E3-4417-9817-921D897CC929}"
EndProject
Project("{FAE04EC0-301F-11D3-BF4B-00C04F79EFBC}") = "GoldenTicket.Suggestion.Queue", "GoldenTicket.Suggestion.Queue\GoldenTicket.Suggestion.Queue.csproj", "{EA9613B3-78B8-492F-A157-C5D48BCF04AC}"
EndProject
Project("{2150E333-8FDC-42A3-9474-1A3956D46DE8}") = "Drivers", "Drivers", "{439B645F-92AF-4866-AC53-2F34087FE029}"
EndProject
Project("{FAE04EC0-301F-11D3-BF4B-00C04F79EFBC}") = "GoldenTicket.Creator", "GoldenTicket.Creator\GoldenTicket.Creator.csproj", "{75BADE1C-F530-46B5-ACC9-7B9C4FEB0797}"
EndProject
Project("{2150E333-8FDC-42A3-9474-1A3956D46DE8}") = "Commands", "Commands", "{CB628D51-0FC1-4B93-A3A6-940D8845A031}"
EndProject
Project("{2150E333-8FDC-42A3-9474-1A3956D46DE8}") = "Crawler", "Crawler", "{991EDCBA-97CB-48ED-B897-CE0FBD7F91DD}"
EndProject
Project("{2150E333-8FDC-42A3-9474-1A3956D46DE8}") = "Suggestion", "Suggestion", "{7FB65035-9123-41D9-A625-0F57B380C7EA}"
EndProject
Project("{FAE04EC0-301F-11D3-BF4B-00C04F79EFBC}") = "GoldenTicket.QueryAnalyzer.Service", "GoldenTicket.QueryAnalyzer.Service\GoldenTicket.QueryAnalyzer.Service.csproj", "{130493A8-23C0-4D62-AD2F-EA60884A827D}"
EndProject
Project("{2150E333-8FDC-42A3-9474-1A3956D46DE8}") = "QueryAnalyzer", "QueryAnalyzer", "{B56D514B-4AEE-4F36-8818-E099B44F68E4}"
EndProject
Project("{FAE04EC0-301F-11D3-BF4B-00C04F79EFBC}") = "GoldenTicket.QueryAnalyzer.ArtistCopier", "GoldenTicket.QueryAnalyzer.ArtistCopier\GoldenTicket.QueryAnalyzer.ArtistCopier.csproj", "{5046B1E6-2DCD-4C96-B7AE-E8EBA4B667F1}"
EndProject
Project("{2150E333-8FDC-42A3-9474-1A3956D46DE8}") = "QueryAnalyzer", "QueryAnalyzer", "{62A1698A-C4F3-457B-9069-7BE36D02E804}"
EndProject
Project("{FAE04EC0-301F-11D3-BF4B-00C04F79EFBC}") = "GoldenTicket.QueryAnalyzer.Queue", "GoldenTicket.QueryAnalyzer.Queue\GoldenTicket.QueryAnalyzer.Queue.csproj", "{EB69EF97-D47E-43E2-9F43-6A06C6002372}"
EndProject
Project("{FAE04EC0-301F-11D3-BF4B-00C04F79EFBC}") = "GoldenTicket.Watchdog.Service", "GoldenTicket.Watchdog.Service\GoldenTicket.Watchdog.Service.csproj", "{083F26FC-AA37-4F90-929A-501416598C5D}"
EndProject
Project("{FAE04EC0-301F-11D3-BF4B-00C04F79EFBC}") = "GoldenTicket.ConfigurationManager", "GoldenTicket.ConfigurationManager\GoldenTicket.ConfigurationManager.csproj", "{439CAF15-3F8A-4E4A-9040-FC49EEFF38A6}"
EndProject
Project("{FAE04EC0-301F-11D3-BF4B-00C04F79EFBC}") = "GoldenTicket.Utilities", "GoldenTicket.Utilities\GoldenTicket.Utilities.csproj", "{4769E21B-D5D0-4CE6-9F83-E37525A77484}"
EndProject
Project("{FAE04EC0-301F-11D3-BF4B-00C04F79EFBC}") = "GoldenTicket.Suggestion.Apriori", "GoldenTicket.Suggestion.Apriori\GoldenTicket.Suggestion.Apriori.csproj", "{CAB3C0D6-F764-4F5C-B833-21A6DD886C46}"
EndProject
Global
	GlobalSection(SolutionConfigurationPlatforms) = preSolution
		Debug|Any CPU = Debug|Any CPU
		Release|Any CPU = Release|Any CPU
	EndGlobalSection
	GlobalSection(ProjectConfigurationPlatforms) = postSolution
		{EF5735DB-E99D-4157-A0FA-1C5427B250CF}.Debug|Any CPU.ActiveCfg = Debug|Any CPU
		{EF5735DB-E99D-4157-A0FA-1C5427B250CF}.Debug|Any CPU.Build.0 = Debug|Any CPU
		{EF5735DB-E99D-4157-A0FA-1C5427B250CF}.Release|Any CPU.ActiveCfg = Release|Any CPU
		{EF5735DB-E99D-4157-A0FA-1C5427B250CF}.Release|Any CPU.Build.0 = Release|Any CPU
		{A55C324E-E602-4CCA-936F-E77AE86A277A}.Debug|Any CPU.ActiveCfg = Debug|Any CPU
		{A55C324E-E602-4CCA-936F-E77AE86A277A}.Debug|Any CPU.Build.0 = Debug|Any CPU
		{A55C324E-E602-4CCA-936F-E77AE86A277A}.Release|Any CPU.ActiveCfg = Release|Any CPU
		{A55C324E-E602-4CCA-936F-E77AE86A277A}.Release|Any CPU.Build.0 = Release|Any CPU
		{DF0FA868-0F20-4B2C-BA8A-E3843B82AA39}.Debug|Any CPU.ActiveCfg = Debug|Any CPU
		{DF0FA868-0F20-4B2C-BA8A-E3843B82AA39}.Debug|Any CPU.Build.0 = Debug|Any CPU
		{DF0FA868-0F20-4B2C-BA8A-E3843B82AA39}.Release|Any CPU.ActiveCfg = Release|Any CPU
		{DF0FA868-0F20-4B2C-BA8A-E3843B82AA39}.Release|Any CPU.Build.0 = Release|Any CPU
		{AB74ECD2-D29D-4806-811A-4AFA3E8B1803}.Debug|Any CPU.ActiveCfg = Debug|Any CPU
		{AB74ECD2-D29D-4806-811A-4AFA3E8B1803}.Debug|Any CPU.Build.0 = Debug|Any CPU
		{AB74ECD2-D29D-4806-811A-4AFA3E8B1803}.Release|Any CPU.ActiveCfg = Release|Any CPU
		{AB74ECD2-D29D-4806-811A-4AFA3E8B1803}.Release|Any CPU.Build.0 = Release|Any CPU
		{5B57F179-71FA-4E1C-94D3-3148BAF3D8F3}.Debug|Any CPU.ActiveCfg = Debug|Any CPU
		{5B57F179-71FA-4E1C-94D3-3148BAF3D8F3}.Debug|Any CPU.Build.0 = Debug|Any CPU
		{5B57F179-71FA-4E1C-94D3-3148BAF3D8F3}.Release|Any CPU.ActiveCfg = Release|Any CPU
		{5B57F179-71FA-4E1C-94D3-3148BAF3D8F3}.Release|Any CPU.Build.0 = Release|Any CPU
		{B7487B46-0862-470F-B3ED-DF3BD5E1CEE5}.Debug|Any CPU.ActiveCfg = Debug|Any CPU
		{B7487B46-0862-470F-B3ED-DF3BD5E1CEE5}.Debug|Any CPU.Build.0 = Debug|Any CPU
		{B7487B46-0862-470F-B3ED-DF3BD5E1CEE5}.Release|Any CPU.ActiveCfg = Release|Any CPU
		{B7487B46-0862-470F-B3ED-DF3BD5E1CEE5}.Release|Any CPU.Build.0 = Release|Any CPU
		{CBF443A0-9CF0-45C5-9F2F-A18602E022F4}.Debug|Any CPU.ActiveCfg = Debug|Any CPU
		{CBF443A0-9CF0-45C5-9F2F-A18602E022F4}.Debug|Any CPU.Build.0 = Debug|Any CPU
		{CBF443A0-9CF0-45C5-9F2F-A18602E022F4}.Release|Any CPU.ActiveCfg = Release|Any CPU
		{CBF443A0-9CF0-45C5-9F2F-A18602E022F4}.Release|Any CPU.Build.0 = Release|Any CPU
		{26614343-A079-44E5-85BE-A8309609B057}.Debug|Any CPU.ActiveCfg = Debug|Any CPU
		{26614343-A079-44E5-85BE-A8309609B057}.Debug|Any CPU.Build.0 = Debug|Any CPU
		{26614343-A079-44E5-85BE-A8309609B057}.Release|Any CPU.ActiveCfg = Release|Any CPU
		{26614343-A079-44E5-85BE-A8309609B057}.Release|Any CPU.Build.0 = Release|Any CPU
		{29A55EF8-F0D6-4B64-80DE-B97112C1D260}.Debug|Any CPU.ActiveCfg = Debug|Any CPU
		{29A55EF8-F0D6-4B64-80DE-B97112C1D260}.Debug|Any CPU.Build.0 = Debug|Any CPU
		{29A55EF8-F0D6-4B64-80DE-B97112C1D260}.Release|Any CPU.ActiveCfg = Release|Any CPU
		{29A55EF8-F0D6-4B64-80DE-B97112C1D260}.Release|Any CPU.Build.0 = Release|Any CPU
		{59234BFB-1665-4BF9-8763-30AD7D134711}.Debug|Any CPU.ActiveCfg = Debug|Any CPU
		{59234BFB-1665-4BF9-8763-30AD7D134711}.Debug|Any CPU.Build.0 = Debug|Any CPU
		{59234BFB-1665-4BF9-8763-30AD7D134711}.Release|Any CPU.ActiveCfg = Release|Any CPU
		{59234BFB-1665-4BF9-8763-30AD7D134711}.Release|Any CPU.Build.0 = Release|Any CPU
		{EBEE00E7-1820-46E9-9E85-0AD7C2C30A23}.Debug|Any CPU.ActiveCfg = Debug|Any CPU
		{EBEE00E7-1820-46E9-9E85-0AD7C2C30A23}.Debug|Any CPU.Build.0 = Debug|Any CPU
		{EBEE00E7-1820-46E9-9E85-0AD7C2C30A23}.Release|Any CPU.ActiveCfg = Release|Any CPU
		{EBEE00E7-1820-46E9-9E85-0AD7C2C30A23}.Release|Any CPU.Build.0 = Release|Any CPU
		{6BD0C2E9-386C-4E34-9630-48BF4D989F9C}.Debug|Any CPU.ActiveCfg = Debug|Any CPU
		{6BD0C2E9-386C-4E34-9630-48BF4D989F9C}.Debug|Any CPU.Build.0 = Debug|Any CPU
		{6BD0C2E9-386C-4E34-9630-48BF4D989F9C}.Release|Any CPU.ActiveCfg = Release|Any CPU
		{6BD0C2E9-386C-4E34-9630-48BF4D989F9C}.Release|Any CPU.Build.0 = Release|Any CPU
		{9084A2F8-D17D-4A44-92A8-943700D7AA83}.Debug|Any CPU.ActiveCfg = Debug|Any CPU
		{9084A2F8-D17D-4A44-92A8-943700D7AA83}.Debug|Any CPU.Build.0 = Debug|Any CPU
		{9084A2F8-D17D-4A44-92A8-943700D7AA83}.Release|Any CPU.ActiveCfg = Release|Any CPU
		{9084A2F8-D17D-4A44-92A8-943700D7AA83}.Release|Any CPU.Build.0 = Release|Any CPU
		{E3F25027-090F-4624-8CE6-08B3C24ABFD7}.Debug|Any CPU.ActiveCfg = Debug|Any CPU
		{E3F25027-090F-4624-8CE6-08B3C24ABFD7}.Debug|Any CPU.Build.0 = Debug|Any CPU
		{E3F25027-090F-4624-8CE6-08B3C24ABFD7}.Release|Any CPU.ActiveCfg = Release|Any CPU
		{E3F25027-090F-4624-8CE6-08B3C24ABFD7}.Release|Any CPU.Build.0 = Release|Any CPU
		{EA9613B3-78B8-492F-A157-C5D48BCF04AC}.Debug|Any CPU.ActiveCfg = Debug|Any CPU
		{EA9613B3-78B8-492F-A157-C5D48BCF04AC}.Debug|Any CPU.Build.0 = Debug|Any CPU
		{EA9613B3-78B8-492F-A157-C5D48BCF04AC}.Release|Any CPU.ActiveCfg = Release|Any CPU
		{EA9613B3-78B8-492F-A157-C5D48BCF04AC}.Release|Any CPU.Build.0 = Release|Any CPU
		{75BADE1C-F530-46B5-ACC9-7B9C4FEB0797}.Debug|Any CPU.ActiveCfg = Debug|Any CPU
		{75BADE1C-F530-46B5-ACC9-7B9C4FEB0797}.Debug|Any CPU.Build.0 = Debug|Any CPU
		{75BADE1C-F530-46B5-ACC9-7B9C4FEB0797}.Release|Any CPU.ActiveCfg = Release|Any CPU
		{75BADE1C-F530-46B5-ACC9-7B9C4FEB0797}.Release|Any CPU.Build.0 = Release|Any CPU
		{130493A8-23C0-4D62-AD2F-EA60884A827D}.Debug|Any CPU.ActiveCfg = Debug|Any CPU
		{130493A8-23C0-4D62-AD2F-EA60884A827D}.Debug|Any CPU.Build.0 = Debug|Any CPU
		{130493A8-23C0-4D62-AD2F-EA60884A827D}.Release|Any CPU.ActiveCfg = Release|Any CPU
		{130493A8-23C0-4D62-AD2F-EA60884A827D}.Release|Any CPU.Build.0 = Release|Any CPU
		{5046B1E6-2DCD-4C96-B7AE-E8EBA4B667F1}.Debug|Any CPU.ActiveCfg = Debug|Any CPU
		{5046B1E6-2DCD-4C96-B7AE-E8EBA4B667F1}.Debug|Any CPU.Build.0 = Debug|Any CPU
		{5046B1E6-2DCD-4C96-B7AE-E8EBA4B667F1}.Release|Any CPU.ActiveCfg = Release|Any CPU
		{5046B1E6-2DCD-4C96-B7AE-E8EBA4B667F1}.Release|Any CPU.Build.0 = Release|Any CPU
		{EB69EF97-D47E-43E2-9F43-6A06C6002372}.Debug|Any CPU.ActiveCfg = Debug|Any CPU
		{EB69EF97-D47E-43E2-9F43-6A06C6002372}.Debug|Any CPU.Build.0 = Debug|Any CPU
		{EB69EF97-D47E-43E2-9F43-6A06C6002372}.Release|Any CPU.ActiveCfg = Release|Any CPU
		{EB69EF97-D47E-43E2-9F43-6A06C6002372}.Release|Any CPU.Build.0 = Release|Any CPU
		{083F26FC-AA37-4F90-929A-501416598C5D}.Debug|Any CPU.ActiveCfg = Debug|Any CPU
		{083F26FC-AA37-4F90-929A-501416598C5D}.Debug|Any CPU.Build.0 = Debug|Any CPU
		{083F26FC-AA37-4F90-929A-501416598C5D}.Release|Any CPU.ActiveCfg = Release|Any CPU
		{083F26FC-AA37-4F90-929A-501416598C5D}.Release|Any CPU.Build.0 = Release|Any CPU
		{439CAF15-3F8A-4E4A-9040-FC49EEFF38A6}.Debug|Any CPU.ActiveCfg = Debug|Any CPU
		{439CAF15-3F8A-4E4A-9040-FC49EEFF38A6}.Debug|Any CPU.Build.0 = Debug|Any CPU
		{439CAF15-3F8A-4E4A-9040-FC49EEFF38A6}.Release|Any CPU.ActiveCfg = Release|Any CPU
		{439CAF15-3F8A-4E4A-9040-FC49EEFF38A6}.Release|Any CPU.Build.0 = Release|Any CPU
		{4769E21B-D5D0-4CE6-9F83-E37525A77484}.Debug|Any CPU.ActiveCfg = Debug|Any CPU
		{4769E21B-D5D0-4CE6-9F83-E37525A77484}.Debug|Any CPU.Build.0 = Debug|Any CPU
		{4769E21B-D5D0-4CE6-9F83-E37525A77484}.Release|Any CPU.ActiveCfg = Release|Any CPU
		{4769E21B-D5D0-4CE6-9F83-E37525A77484}.Release|Any CPU.Build.0 = Release|Any CPU
		{CAB3C0D6-F764-4F5C-B833-21A6DD886C46}.Debug|Any CPU.ActiveCfg = Debug|Any CPU
		{CAB3C0D6-F764-4F5C-B833-21A6DD886C46}.Debug|Any CPU.Build.0 = Debug|Any CPU
		{CAB3C0D6-F764-4F5C-B833-21A6DD886C46}.Release|Any CPU.ActiveCfg = Release|Any CPU
		{CAB3C0D6-F764-4F5C-B833-21A6DD886C46}.Release|Any CPU.Build.0 = Release|Any CPU
	EndGlobalSection
	GlobalSection(SolutionProperties) = preSolution
		HideSolutionNode = FALSE
	EndGlobalSection
	GlobalSection(NestedProjects) = preSolution
		{EF5735DB-E99D-4157-A0FA-1C5427B250CF} = {FE5DC2A4-DFDF-4266-9CE2-3404D1316485}
		{A55C324E-E602-4CCA-936F-E77AE86A277A} = {A306643E-C9D0-403C-A121-36937EE0DF80}
		{DF0FA868-0F20-4B2C-BA8A-E3843B82AA39} = {7294E751-E9EF-4551-96E2-73EE7AEC6FED}
		{AB74ECD2-D29D-4806-811A-4AFA3E8B1803} = {0B765E08-8F28-4AE9-A411-C0F89CA07E63}
		{5B57F179-71FA-4E1C-94D3-3148BAF3D8F3} = {785614B2-F01F-43CE-82C2-A99A0F3870A9}
		{B7487B46-0862-470F-B3ED-DF3BD5E1CEE5} = {A306643E-C9D0-403C-A121-36937EE0DF80}
		{CBF443A0-9CF0-45C5-9F2F-A18602E022F4} = {785614B2-F01F-43CE-82C2-A99A0F3870A9}
		{26614343-A079-44E5-85BE-A8309609B057} = {A306643E-C9D0-403C-A121-36937EE0DF80}
		{29A55EF8-F0D6-4B64-80DE-B97112C1D260} = {A306643E-C9D0-403C-A121-36937EE0DF80}
		{59234BFB-1665-4BF9-8763-30AD7D134711} = {A306643E-C9D0-403C-A121-36937EE0DF80}
		{EBEE00E7-1820-46E9-9E85-0AD7C2C30A23} = {991EDCBA-97CB-48ED-B897-CE0FBD7F91DD}
		{6BD0C2E9-386C-4E34-9630-48BF4D989F9C} = {FA5AA016-3641-46C2-8414-3C7E9C87DE9F}
		{9084A2F8-D17D-4A44-92A8-943700D7AA83} = {FE5DC2A4-DFDF-4266-9CE2-3404D1316485}
		{E3F25027-090F-4624-8CE6-08B3C24ABFD7} = {7FB65035-9123-41D9-A625-0F57B380C7EA}
		{FA5AA016-3641-46C2-8414-3C7E9C87DE9F} = {6503B696-9568-4DEB-AAF4-1DC0004ECD50}
		{F6088F08-B1E3-4417-9817-921D897CC929} = {6503B696-9568-4DEB-AAF4-1DC0004ECD50}
		{EA9613B3-78B8-492F-A157-C5D48BCF04AC} = {F6088F08-B1E3-4417-9817-921D897CC929}
		{75BADE1C-F530-46B5-ACC9-7B9C4FEB0797} = {439B645F-92AF-4866-AC53-2F34087FE029}
		{991EDCBA-97CB-48ED-B897-CE0FBD7F91DD} = {CB628D51-0FC1-4B93-A3A6-940D8845A031}
		{7FB65035-9123-41D9-A625-0F57B380C7EA} = {CB628D51-0FC1-4B93-A3A6-940D8845A031}
		{130493A8-23C0-4D62-AD2F-EA60884A827D} = {FE5DC2A4-DFDF-4266-9CE2-3404D1316485}
		{B56D514B-4AEE-4F36-8818-E099B44F68E4} = {CB628D51-0FC1-4B93-A3A6-940D8845A031}
		{5046B1E6-2DCD-4C96-B7AE-E8EBA4B667F1} = {B56D514B-4AEE-4F36-8818-E099B44F68E4}
		{62A1698A-C4F3-457B-9069-7BE36D02E804} = {6503B696-9568-4DEB-AAF4-1DC0004ECD50}
		{EB69EF97-D47E-43E2-9F43-6A06C6002372} = {62A1698A-C4F3-457B-9069-7BE36D02E804}
		{083F26FC-AA37-4F90-929A-501416598C5D} = {FE5DC2A4-DFDF-4266-9CE2-3404D1316485}
		{439CAF15-3F8A-4E4A-9040-FC49EEFF38A6} = {A306643E-C9D0-403C-A121-36937EE0DF80}
		{4769E21B-D5D0-4CE6-9F83-E37525A77484} = {A306643E-C9D0-403C-A121-36937EE0DF80}
		{CAB3C0D6-F764-4F5C-B833-21A6DD886C46} = {7FB65035-9123-41D9-A625-0F57B380C7EA}
	EndGlobalSection
EndGlobal
